
Microsoft Visual Studio Solution File, Format Version 12.00
# Visual Studio 15
VisualStudioVersion = 15.0.28307.106
MinimumVisualStudioVersion = 10.0.40219.1
Project("{FAE04EC0-301F-11D3-BF4B-00C04F79EFBC}") = "goruntuodev1", "goruntuodev1\goruntuodev1.csproj", "{C5C18414-9143-4D49-BE24-14BC4E5B80A5}"
EndProject
Global
	GlobalSection(SolutionConfigurationPlatforms) = preSolution
		Debug|Any CPU = Debug|Any CPU
		Release|Any CPU = Release|Any CPU
	EndGlobalSection
	GlobalSection(ProjectConfigurationPlatforms) = postSolution
		{C5C18414-9143-4D49-BE24-14BC4E5B80A5}.Debug|Any CPU.ActiveCfg = Debug|Any CPU
		{C5C18414-9143-4D49-BE24-14BC4E5B80A5}.Debug|Any CPU.Build.0 = Debug|Any CPU
		{C5C18414-9143-4D49-BE24-14BC4E5B80A5}.Release|Any CPU.ActiveCfg = Release|Any CPU
		{C5C18414-9143-4D49-BE24-14BC4E5B80A5}.Release|Any CPU.Build.0 = Release|Any CPU
	EndGlobalSection
	GlobalSection(SolutionProperties) = preSolution
		HideSolutionNode = FALSE
	EndGlobalSection
	GlobalSection(ExtensibilityGlobals) = postSolution
		SolutionGuid = {F78411C8-40CF-433A-BBCB-95D865A0DED1}
	EndGlobalSection
EndGlobal
